
Microsoft Visual Studio Solution File, Format Version 10.00
# Visual Studio 2008
Project("{8BC9CEB8-8B4A-11D0-8D11-00A0C91BC942}") = "TPArticleBroadCast", "..\Application\TPArticleBroadCast\TPArticleBroadCast.vcproj", "{7F3F736F-8418-490C-9140-C0570427A1DC}"
EndProject
Project("{8BC9CEB8-8B4A-11D0-8D11-00A0C91BC942}") = "TPArticleIOPlugin", "..\PluginSrc\TPArticleIOPlugin\TPArticleIOPlugin.vcproj", "{998C9117-4CE3-4AA9-AA4B-4B9474B540A5}"
EndProject
Project("{8BC9CEB8-8B4A-11D0-8D11-00A0C91BC942}") = "TPArticleManage", "..\Src\TPArticleManage\TPArticleManage.vcproj", "{3E043E30-AFF2-4383-9B86-679C32519817}"
EndProject
Project("{8BC9CEB8-8B4A-11D0-8D11-00A0C91BC942}") = "TPExtraCtrl", "..\..\TPCommonCtrl\src\TPExtraCtrl\TPExtraCtrl2008.vcproj", "{094DD3F5-C94B-48F2-931B-C0AD91EC9B9E}"
EndProject
Project("{8BC9CEB8-8B4A-11D0-8D11-00A0C91BC942}") = "TPCommonCtrl", "..\..\TPCommonCtrl\src\TPCommonCtrl\TPCommonCtrl.vcproj", "{8F905036-86D2-49A8-9338-33EB2D06A98E}"
EndProject
Project("{8BC9CEB8-8B4A-11D0-8D11-00A0C91BC942}") = "TPCommonClass", "..\..\TPCommonCtrl\src\TPCommonClass\TPCommonClass.vcproj", "{66848830-1379-4C50-86F8-0D720BBE299F}"
EndProject
Project("{8BC9CEB8-8B4A-11D0-8D11-00A0C91BC942}") = "TPBaseTest", "..\Tool\TPBaseTest\TPBaseTest.vcproj", "{5D7E38EA-CDF7-4309-A259-0D1A51AD6ADB}"
EndProject
Project("{8BC9CEB8-8B4A-11D0-8D11-00A0C91BC942}") = "TPBufferOperate", "..\..\TPCommonData\Src\TPBufferOperate\TPBufferOperate2008.vcproj", "{B11D303A-15FC-43CB-9DD2-AF6C965571F7}"
EndProject
Global
	GlobalSection(SolutionConfigurationPlatforms) = preSolution
		Debug|Win32 = Debug|Win32
		Release|Win32 = Release|Win32
		Unicode Debug|Win32 = Unicode Debug|Win32
		Unicode Release|Win32 = Unicode Release|Win32
	EndGlobalSection
	GlobalSection(ProjectConfigurationPlatforms) = postSolution
		{7F3F736F-8418-490C-9140-C0570427A1DC}.Debug|Win32.ActiveCfg = Debug|Win32
		{7F3F736F-8418-490C-9140-C0570427A1DC}.Debug|Win32.Build.0 = Debug|Win32
		{7F3F736F-8418-490C-9140-C0570427A1DC}.Release|Win32.ActiveCfg = Release|Win32
		{7F3F736F-8418-490C-9140-C0570427A1DC}.Release|Win32.Build.0 = Release|Win32
		{7F3F736F-8418-490C-9140-C0570427A1DC}.Unicode Debug|Win32.ActiveCfg = Unicode Debug|Win32
		{7F3F736F-8418-490C-9140-C0570427A1DC}.Unicode Debug|Win32.Build.0 = Unicode Debug|Win32
		{7F3F736F-8418-490C-9140-C0570427A1DC}.Unicode Release|Win32.ActiveCfg = Unicode Release|Win32
		{7F3F736F-8418-490C-9140-C0570427A1DC}.Unicode Release|Win32.Build.0 = Unicode Release|Win32
		{998C9117-4CE3-4AA9-AA4B-4B9474B540A5}.Debug|Win32.ActiveCfg = Debug|Win32
		{998C9117-4CE3-4AA9-AA4B-4B9474B540A5}.Debug|Win32.Build.0 = Debug|Win32
		{998C9117-4CE3-4AA9-AA4B-4B9474B540A5}.Release|Win32.ActiveCfg = Release|Win32
		{998C9117-4CE3-4AA9-AA4B-4B9474B540A5}.Release|Win32.Build.0 = Release|Win32
		{998C9117-4CE3-4AA9-AA4B-4B9474B540A5}.Unicode Debug|Win32.ActiveCfg = Unicode Debug|Win32
		{998C9117-4CE3-4AA9-AA4B-4B9474B540A5}.Unicode Debug|Win32.Build.0 = Unicode Debug|Win32
		{998C9117-4CE3-4AA9-AA4B-4B9474B540A5}.Unicode Release|Win32.ActiveCfg = Unicode Release|Win32
		{998C9117-4CE3-4AA9-AA4B-4B9474B540A5}.Unicode Release|Win32.Build.0 = Unicode Release|Win32
		{3E043E30-AFF2-4383-9B86-679C32519817}.Debug|Win32.ActiveCfg = Debug|Win32
		{3E043E30-AFF2-4383-9B86-679C32519817}.Debug|Win32.Build.0 = Debug|Win32
		{3E043E30-AFF2-4383-9B86-679C32519817}.Release|Win32.ActiveCfg = Release|Win32
		{3E043E30-AFF2-4383-9B86-679C32519817}.Release|Win32.Build.0 = Release|Win32
		{3E043E30-AFF2-4383-9B86-679C32519817}.Unicode Debug|Win32.ActiveCfg = Unicode Debug|Win32
		{3E043E30-AFF2-4383-9B86-679C32519817}.Unicode Debug|Win32.Build.0 = Unicode Debug|Win32
		{3E043E30-AFF2-4383-9B86-679C32519817}.Unicode Release|Win32.ActiveCfg = Unicode Release|Win32
		{3E043E30-AFF2-4383-9B86-679C32519817}.Unicode Release|Win32.Build.0 = Unicode Release|Win32
		{094DD3F5-C94B-48F2-931B-C0AD91EC9B9E}.Debug|Win32.ActiveCfg = Debug|Win32
		{094DD3F5-C94B-48F2-931B-C0AD91EC9B9E}.Debug|Win32.Build.0 = Debug|Win32
		{094DD3F5-C94B-48F2-931B-C0AD91EC9B9E}.Release|Win32.ActiveCfg = Release|Win32
		{094DD3F5-C94B-48F2-931B-C0AD91EC9B9E}.Release|Win32.Build.0 = Release|Win32
		{094DD3F5-C94B-48F2-931B-C0AD91EC9B9E}.Unicode Debug|Win32.ActiveCfg = Unicode Debug|Win32
		{094DD3F5-C94B-48F2-931B-C0AD91EC9B9E}.Unicode Debug|Win32.Build.0 = Unicode Debug|Win32
		{094DD3F5-C94B-48F2-931B-C0AD91EC9B9E}.Unicode Release|Win32.ActiveCfg = Unicode Release|Win32
		{094DD3F5-C94B-48F2-931B-C0AD91EC9B9E}.Unicode Release|Win32.Build.0 = Unicode Release|Win32
		{8F905036-86D2-49A8-9338-33EB2D06A98E}.Debug|Win32.ActiveCfg = Debug|Win32
		{8F905036-86D2-49A8-9338-33EB2D06A98E}.Debug|Win32.Build.0 = Debug|Win32
		{8F905036-86D2-49A8-9338-33EB2D06A98E}.Release|Win32.ActiveCfg = Release|Win32
		{8F905036-86D2-49A8-9338-33EB2D06A98E}.Release|Win32.Build.0 = Release|Win32
		{8F905036-86D2-49A8-9338-33EB2D06A98E}.Unicode Debug|Win32.ActiveCfg = Unicode Debug|Win32
		{8F905036-86D2-49A8-9338-33EB2D06A98E}.Unicode Debug|Win32.Build.0 = Unicode Debug|Win32
		{8F905036-86D2-49A8-9338-33EB2D06A98E}.Unicode Release|Win32.ActiveCfg = Release|Win32
		{8F905036-86D2-49A8-9338-33EB2D06A98E}.Unicode Release|Win32.Build.0 = Release|Win32
		{66848830-1379-4C50-86F8-0D720BBE299F}.Debug|Win32.ActiveCfg = Debug|Win32
		{66848830-1379-4C50-86F8-0D720BBE299F}.Debug|Win32.Build.0 = Debug|Win32
		{66848830-1379-4C50-86F8-0D720BBE299F}.Release|Win32.ActiveCfg = Release|Win32
		{66848830-1379-4C50-86F8-0D720BBE299F}.Release|Win32.Build.0 = Release|Win32
		{66848830-1379-4C50-86F8-0D720BBE299F}.Unicode Debug|Win32.ActiveCfg = Unicode Debug|Win32
		{66848830-1379-4C50-86F8-0D720BBE299F}.Unicode Debug|Win32.Build.0 = Unicode Debug|Win32
		{66848830-1379-4C50-86F8-0D720BBE299F}.Unicode Release|Win32.ActiveCfg = Release|Win32
		{66848830-1379-4C50-86F8-0D720BBE299F}.Unicode Release|Win32.Build.0 = Release|Win32
		{5D7E38EA-CDF7-4309-A259-0D1A51AD6ADB}.Debug|Win32.ActiveCfg = Debug|Win32
		{5D7E38EA-CDF7-4309-A259-0D1A51AD6ADB}.Debug|Win32.Build.0 = Debug|Win32
		{5D7E38EA-CDF7-4309-A259-0D1A51AD6ADB}.Release|Win32.ActiveCfg = Release|Win32
		{5D7E38EA-CDF7-4309-A259-0D1A51AD6ADB}.Release|Win32.Build.0 = Release|Win32
		{5D7E38EA-CDF7-4309-A259-0D1A51AD6ADB}.Unicode Debug|Win32.ActiveCfg = Debug|Win32
		{5D7E38EA-CDF7-4309-A259-0D1A51AD6ADB}.Unicode Debug|Win32.Build.0 = Debug|Win32
		{5D7E38EA-CDF7-4309-A259-0D1A51AD6ADB}.Unicode Release|Win32.ActiveCfg = Release|Win32
		{5D7E38EA-CDF7-4309-A259-0D1A51AD6ADB}.Unicode Release|Win32.Build.0 = Release|Win32
		{B11D303A-15FC-43CB-9DD2-AF6C965571F7}.Debug|Win32.ActiveCfg = Debug|Win32
		{B11D303A-15FC-43CB-9DD2-AF6C965571F7}.Debug|Win32.Build.0 = Debug|Win32
		{B11D303A-15FC-43CB-9DD2-AF6C965571F7}.Release|Win32.ActiveCfg = Release|Win32
		{B11D303A-15FC-43CB-9DD2-AF6C965571F7}.Release|Win32.Build.0 = Release|Win32
		{B11D303A-15FC-43CB-9DD2-AF6C965571F7}.Unicode Debug|Win32.ActiveCfg = Unicode Debug|Win32
		{B11D303A-15FC-43CB-9DD2-AF6C965571F7}.Unicode Debug|Win32.Build.0 = Unicode Debug|Win32
		{B11D303A-15FC-43CB-9DD2-AF6C965571F7}.Unicode Release|Win32.ActiveCfg = Unicode Release|Win32
		{B11D303A-15FC-43CB-9DD2-AF6C965571F7}.Unicode Release|Win32.Build.0 = Unicode Release|Win32
	EndGlobalSection
	GlobalSection(SolutionProperties) = preSolution
		HideSolutionNode = FALSE
	EndGlobalSection
EndGlobal
